// !$*UTF8*$!
{
	archiveVersion = 1;
	classes = {
	};
	objectVersion = 46;
	objects = {

/* Begin PBXBuildFile section */
		905F60EA1B919E8C00094E52 /* main.m in Sources */ = {isa = PBXBuildFile; fileRef = 905F60E91B919E8C00094E52 /* main.m */; };
		905F60ED1B919E8C00094E52 /* AppDelegate.m in Sources */ = {isa = PBXBuildFile; fileRef = 905F60EC1B919E8C00094E52 /* AppDelegate.m */; };
		905F60F01B919E8C00094E52 /* ViewController.mm in Sources */ = {isa = PBXBuildFile; fileRef = 905F60EF1B919E8C00094E52 /* ViewController.mm */; };
		905F60F31B919E8C00094E52 /* Main.storyboard in Resources */ = {isa = PBXBuildFile; fileRef = 905F60F11B919E8C00094E52 /* Main.storyboard */; };
		905F60F51B919E8C00094E52 /* Images.xcassets in Resources */ = {isa = PBXBuildFile; fileRef = 905F60F41B919E8C00094E52 /* Images.xcassets */; };
		905F60F81B919E8C00094E52 /* LaunchScreen.xib in Resources */ = {isa = PBXBuildFile; fileRef = 905F60F61B919E8C00094E52 /* LaunchScreen.xib */; };
		905F61041B919E8C00094E52 /* GrabCutIOSTests.m in Sources */ = {isa = PBXBuildFile; fileRef = 905F61031B919E8C00094E52 /* GrabCutIOSTests.m */; };
		905F610E1B91A2C800094E52 /* opencv2.framework in Frameworks */ = {isa = PBXBuildFile; fileRef = 905F610D1B91A2C800094E52 /* opencv2.framework */; };
		905F61161B91A43B00094E52 /* GrabCutManager.mm in Sources */ = {isa = PBXBuildFile; fileRef = 905F61121B91A43B00094E52 /* GrabCutManager.mm */; };
		905F61181B91A43B00094E52 /* TouchDrawView.m in Sources */ = {isa = PBXBuildFile; fileRef = 905F61151B91A43B00094E52 /* TouchDrawView.m */; };
		90DE070C1B92A4FA009311B8 /* MobileCoreServices.framework in Frameworks */ = {isa = PBXBuildFile; fileRef = 90DE070B1B92A4FA009311B8 /* MobileCoreServices.framework */; };
		90DE07101B92C371009311B8 /* test.jpg in Resources */ = {isa = PBXBuildFile; fileRef = 90DE070F1B92C371009311B8 /* test.jpg */; };
/* End PBXBuildFile section */

/* Begin PBXContainerItemProxy section */
		905F60FE1B919E8C00094E52 /* PBXContainerItemProxy */ = {
			isa = PBXContainerItemProxy;
			containerPortal = 905F60DC1B919E8C00094E52 /* Project object */;
			proxyType = 1;
			remoteGlobalIDString = 905F60E31B919E8C00094E52;
			remoteInfo = GrabCutIOS;
		};
/* End PBXContainerItemProxy section */

/* Begin PBXFileReference section */
		905F60E41B919E8C00094E52 /* GrabCutIOS.app */ = {isa = PBXFileReference; explicitFileType = wrapper.application; includeInIndex = 0; path = GrabCutIOS.app; sourceTree = BUILT_PRODUCTS_DIR; };
		905F60E81B919E8C00094E52 /* Info.plist */ = {isa = PBXFileReference; lastKnownFileType = text.plist.xml; path = Info.plist; sourceTree = "<group>"; };
		905F60E91B919E8C00094E52 /* main.m */ = {isa = PBXFileReference; lastKnownFileType = sourcecode.c.objc; path = main.m; sourceTree = "<group>"; };
		905F60EB1B919E8C00094E52 /* AppDelegate.h */ = {isa = PBXFileReference; lastKnownFileType = sourcecode.c.h; path = AppDelegate.h; sourceTree = "<group>"; };
		905F60EC1B919E8C00094E52 /* AppDelegate.m */ = {isa = PBXFileReference; lastKnownFileType = sourcecode.c.objc; path = AppDelegate.m; sourceTree = "<group>"; };
		905F60EE1B919E8C00094E52 /* ViewController.h */ = {isa = PBXFileReference; lastKnownFileType = sourcecode.c.h; path = ViewController.h; sourceTree = "<group>"; };
		905F60EF1B919E8C00094E52 /* ViewController.mm */ = {isa = PBXFileReference; lastKnownFileType = sourcecode.cpp.objcpp; path = ViewController.mm; sourceTree = "<group>"; };
		905F60F21B919E8C00094E52 /* Base */ = {isa = PBXFileReference; lastKnownFileType = file.storyboard; name = Base; path = Base.lproj/Main.storyboard; sourceTree = "<group>"; };
		905F60F41B919E8C00094E52 /* Images.xcassets */ = {isa = PBXFileReference; lastKnownFileType = folder.assetcatalog; path = Images.xcassets; sourceTree = "<group>"; };
		905F60F71B919E8C00094E52 /* Base */ = {isa = PBXFileReference; lastKnownFileType = file.xib; name = Base; path = Base.lproj/LaunchScreen.xib; sourceTree = "<group>"; };
		905F60FD1B919E8C00094E52 /* GrabCutIOSTests.xctest */ = {isa = PBXFileReference; explicitFileType = wrapper.cfbundle; includeInIndex = 0; path = GrabCutIOSTests.xctest; sourceTree = BUILT_PRODUCTS_DIR; };
		905F61021B919E8C00094E52 /* Info.plist */ = {isa = PBXFileReference; lastKnownFileType = text.plist.xml; path = Info.plist; sourceTree = "<group>"; };
		905F61031B919E8C00094E52 /* GrabCutIOSTests.m */ = {isa = PBXFileReference; lastKnownFileType = sourcecode.c.objc; path = GrabCutIOSTests.m; sourceTree = "<group>"; };
		905F610D1B91A2C800094E52 /* opencv2.framework */ = {isa = PBXFileReference; lastKnownFileType = wrapper.framework; path = opencv2.framework; sourceTree = "<group>"; };
		905F61101B91A3B700094E52 /* GrabCutIOSPrefix.pch */ = {isa = PBXFileReference; lastKnownFileType = sourcecode.c.h; path = GrabCutIOSPrefix.pch; sourceTree = "<group>"; };
		905F61111B91A43B00094E52 /* GrabCutManager.h */ = {isa = PBXFileReference; fileEncoding = 4; lastKnownFileType = sourcecode.c.h; path = GrabCutManager.h; sourceTree = "<group>"; };
		905F61121B91A43B00094E52 /* GrabCutManager.mm */ = {isa = PBXFileReference; fileEncoding = 4; lastKnownFileType = sourcecode.cpp.objcpp; path = GrabCutManager.mm; sourceTree = "<group>"; };
		905F61141B91A43B00094E52 /* TouchDrawView.h */ = {isa = PBXFileReference; fileEncoding = 4; lastKnownFileType = sourcecode.c.h; path = TouchDrawView.h; sourceTree = "<group>"; };
		905F61151B91A43B00094E52 /* TouchDrawView.m */ = {isa = PBXFileReference; fileEncoding = 4; lastKnownFileType = sourcecode.c.objc; path = TouchDrawView.m; sourceTree = "<group>"; };
		90DE070B1B92A4FA009311B8 /* MobileCoreServices.framework */ = {isa = PBXFileReference; lastKnownFileType = wrapper.framework; name = MobileCoreServices.framework; path = System/Library/Frameworks/MobileCoreServices.framework; sourceTree = SDKROOT; };
		90DE070F1B92C371009311B8 /* test.jpg */ = {isa = PBXFileReference; lastKnownFileType = image.jpeg; path = test.jpg; sourceTree = "<group>"; };
/* End PBXFileReference section */

/* Begin PBXFrameworksBuildPhase section */
		905F60E11B919E8C00094E52 /* Frameworks */ = {
			isa = PBXFrameworksBuildPhase;
			buildActionMask = 2147483647;
			files = (
				90DE070C1B92A4FA009311B8 /* MobileCoreServices.framework in Frameworks */,
				905F610E1B91A2C800094E52 /* opencv2.framework in Frameworks */,
			);
			runOnlyForDeploymentPostprocessing = 0;
		};
		905F60FA1B919E8C00094E52 /* Frameworks */ = {
			isa = PBXFrameworksBuildPhase;
			buildActionMask = 2147483647;
			files = (
			);
			runOnlyForDeploymentPostprocessing = 0;
		};
/* End PBXFrameworksBuildPhase section */

/* Begin PBXGroup section */
		905F60DB1B919E8C00094E52 = {
			isa = PBXGroup;
			children = (
				90DE070B1B92A4FA009311B8 /* MobileCoreServices.framework */,
				905F61101B91A3B700094E52 /* GrabCutIOSPrefix.pch */,
				905F610D1B91A2C800094E52 /* opencv2.framework */,
				905F60E61B919E8C00094E52 /* GrabCutIOS */,
				905F61001B919E8C00094E52 /* GrabCutIOSTests */,
				905F60E51B919E8C00094E52 /* Products */,
			);
			sourceTree = "<group>";
		};
		905F60E51B919E8C00094E52 /* Products */ = {
			isa = PBXGroup;
			children = (
				905F60E41B919E8C00094E52 /* GrabCutIOS.app */,
				905F60FD1B919E8C00094E52 /* GrabCutIOSTests.xctest */,
			);
			name = Products;
			sourceTree = "<group>";
		};
		905F60E61B919E8C00094E52 /* GrabCutIOS */ = {
			isa = PBXGroup;
			children = (
				90DE070F1B92C371009311B8 /* test.jpg */,
				905F61111B91A43B00094E52 /* GrabCutManager.h */,
				905F61121B91A43B00094E52 /* GrabCutManager.mm */,
				905F61141B91A43B00094E52 /* TouchDrawView.h */,
				905F61151B91A43B00094E52 /* TouchDrawView.m */,
				905F60EB1B919E8C00094E52 /* AppDelegate.h */,
				905F60EC1B919E8C00094E52 /* AppDelegate.m */,
				905F60EE1B919E8C00094E52 /* ViewController.h */,
				905F60EF1B919E8C00094E52 /* ViewController.mm */,
				905F60F11B919E8C00094E52 /* Main.storyboard */,
				905F60F41B919E8C00094E52 /* Images.xcassets */,
				905F60F61B919E8C00094E52 /* LaunchScreen.xib */,
				905F60E71B919E8C00094E52 /* Supporting Files */,
			);
			path = GrabCutIOS;
			sourceTree = "<group>";
		};
		905F60E71B919E8C00094E52 /* Supporting Files */ = {
			isa = PBXGroup;
			children = (
				905F60E81B919E8C00094E52 /* Info.plist */,
				905F60E91B919E8C00094E52 /* main.m */,
			);
			name = "Supporting Files";
			sourceTree = "<group>";
		};
		905F61001B919E8C00094E52 /* GrabCutIOSTests */ = {
			isa = PBXGroup;
			children = (
				905F61031B919E8C00094E52 /* GrabCutIOSTests.m */,
				905F61011B919E8C00094E52 /* Supporting Files */,
			);
			path = GrabCutIOSTests;
			sourceTree = "<group>";
		};
		905F61011B919E8C00094E52 /* Supporting Files */ = {
			isa = PBXGroup;
			children = (
				905F61021B919E8C00094E52 /* Info.plist */,
			);
			name = "Supporting Files";
			sourceTree = "<group>";
		};
/* End PBXGroup section */

/* Begin PBXNativeTarget section */
		905F60E31B919E8C00094E52 /* GrabCutIOS */ = {
			isa = PBXNativeTarget;
			buildConfigurationList = 905F61071B919E8C00094E52 /* Build configuration list for PBXNativeTarget "GrabCutIOS" */;
			buildPhases = (
				905F60E01B919E8C00094E52 /* Sources */,
				905F60E11B919E8C00094E52 /* Frameworks */,
				905F60E21B919E8C00094E52 /* Resources */,
			);
			buildRules = (
			);
			dependencies = (
			);
			name = GrabCutIOS;
			productName = GrabCutIOS;
			productReference = 905F60E41B919E8C00094E52 /* GrabCutIOS.app */;
			productType = "com.apple.product-type.application";
		};
		905F60FC1B919E8C00094E52 /* GrabCutIOSTests */ = {
			isa = PBXNativeTarget;
			buildConfigurationList = 905F610A1B919E8C00094E52 /* Build configuration list for PBXNativeTarget "GrabCutIOSTests" */;
			buildPhases = (
				905F60F91B919E8C00094E52 /* Sources */,
				905F60FA1B919E8C00094E52 /* Frameworks */,
				905F60FB1B919E8C00094E52 /* Resources */,
			);
			buildRules = (
			);
			dependencies = (
				905F60FF1B919E8C00094E52 /* PBXTargetDependency */,
			);
			name = GrabCutIOSTests;
			productName = GrabCutIOSTests;
			productReference = 905F60FD1B919E8C00094E52 /* GrabCutIOSTests.xctest */;
			productType = "com.apple.product-type.bundle.unit-test";
		};
/* End PBXNativeTarget section */

/* Begin PBXProject section */
		905F60DC1B919E8C00094E52 /* Project object */ = {
			isa = PBXProject;
			attributes = {
				LastUpgradeCheck = 0640;
				ORGANIZATIONNAME = EunchulJeon;
				TargetAttributes = {
					905F60E31B919E8C00094E52 = {
						CreatedOnToolsVersion = 6.4;
					};
					905F60FC1B919E8C00094E52 = {
						CreatedOnToolsVersion = 6.4;
						TestTargetID = 905F60E31B919E8C00094E52;
					};
				};
			};
			buildConfigurationList = 905F60DF1B919E8C00094E52 /* Build configuration list for PBXProject "GrabCutIOS" */;
			compatibilityVersion = "Xcode 3.2";
			developmentRegion = English;
			hasScannedForEncodings = 0;
			knownRegions = (
				en,
				Base,
			);
			mainGroup = 905F60DB1B919E8C00094E52;
			productRefGroup = 905F60E51B919E8C00094E52 /* Products */;
			projectDirPath = "";
			projectRoot = "";
			targets = (
				905F60E31B919E8C00094E52 /* GrabCutIOS */,
				905F60FC1B919E8C00094E52 /* GrabCutIOSTests */,
			);
		};
/* End PBXProject section */

/* Begin PBXResourcesBuildPhase section */
		905F60E21B919E8C00094E52 /* Resources */ = {
			isa = PBXResourcesBuildPhase;
			buildActionMask = 2147483647;
			files = (
				905F60F31B919E8C00094E52 /* Main.storyboard in Resources */,
				905F60F81B919E8C00094E52 /* LaunchScreen.xib in Resources */,
				905F60F51B919E8C00094E52 /* Images.xcassets in Resources */,
				90DE07101B92C371009311B8 /* test.jpg in Resources */,
			);
			runOnlyForDeploymentPostprocessing = 0;
		};
		905F60FB1B919E8C00094E52 /* Resources */ = {
			isa = PBXResourcesBuildPhase;
			buildActionMask = 2147483647;
			files = (
			);
			runOnlyForDeploymentPostprocessing = 0;
		};
/* End PBXResourcesBuildPhase section */

/* Begin PBXSourcesBuildPhase section */
		905F60E01B919E8C00094E52 /* Sources */ = {
			isa = PBXSourcesBuildPhase;
			buildActionMask = 2147483647;
			files = (
				905F61161B91A43B00094E52 /* GrabCutManager.mm in Sources */,
				905F60F01B919E8C00094E52 /* ViewController.mm in Sources */,
				905F61181B91A43B00094E52 /* TouchDrawView.m in Sources */,
				905F60ED1B919E8C00094E52 /* AppDelegate.m in Sources */,
				905F60EA1B919E8C00094E52 /* main.m in Sources */,
			);
			runOnlyForDeploymentPostprocessing = 0;
		};
		905F60F91B919E8C00094E52 /* Sources */ = {
			isa = PBXSourcesBuildPhase;
			buildActionMask = 2147483647;
			files = (
				905F61041B919E8C00094E52 /* GrabCutIOSTests.m in Sources */,
			);
			runOnlyForDeploymentPostprocessing = 0;
		};
/* End PBXSourcesBuildPhase section */

/* Begin PBXTargetDependency section */
		905F60FF1B919E8C00094E52 /* PBXTargetDependency */ = {
			isa = PBXTargetDependency;
			target = 905F60E31B919E8C00094E52 /* GrabCutIOS */;
			targetProxy = 905F60FE1B919E8C00094E52 /* PBXContainerItemProxy */;
		};
/* End PBXTargetDependency section */

/* Begin PBXVariantGroup section */
		905F60F11B919E8C00094E52 /* Main.storyboard */ = {
			isa = PBXVariantGroup;
			children = (
				905F60F21B919E8C00094E52 /* Base */,
			);
			name = Main.storyboard;
			sourceTree = "<group>";
		};
		905F60F61B919E8C00094E52 /* LaunchScreen.xib */ = {
			isa = PBXVariantGroup;
			children = (
				905F60F71B919E8C00094E52 /* Base */,
			);
			name = LaunchScreen.xib;
			sourceTree = "<group>";
		};
/* End PBXVariantGroup section */

/* Begin XCBuildConfiguration section */
		905F61051B919E8C00094E52 /* Debug */ = {
			isa = XCBuildConfiguration;
			buildSettings = {
				ALWAYS_SEARCH_USER_PATHS = NO;
				CLANG_CXX_LANGUAGE_STANDARD = "gnu++0x";
				CLANG_CXX_LIBRARY = "libc++";
				CLANG_ENABLE_MODULES = YES;
				CLANG_ENABLE_OBJC_ARC = YES;
				CLANG_WARN_BOOL_CONVERSION = YES;
				CLANG_WARN_CONSTANT_CONVERSION = YES;
				CLANG_WARN_DIRECT_OBJC_ISA_USAGE = YES_ERROR;
				CLANG_WARN_EMPTY_BODY = YES;
				CLANG_WARN_ENUM_CONVERSION = YES;
				CLANG_WARN_INT_CONVERSION = YES;
				CLANG_WARN_OBJC_ROOT_CLASS = YES_ERROR;
				CLANG_WARN_UNREACHABLE_CODE = YES;
				CLANG_WARN__DUPLICATE_METHOD_MATCH = YES;
				"CODE_SIGN_IDENTITY[sdk=iphoneos*]" = "iPhone Developer";
				COPY_PHASE_STRIP = NO;
				DEBUG_INFORMATION_FORMAT = "dwarf-with-dsym";
				ENABLE_STRICT_OBJC_MSGSEND = YES;
				GCC_C_LANGUAGE_STANDARD = gnu99;
				GCC_DYNAMIC_NO_PIC = NO;
				GCC_NO_COMMON_BLOCKS = YES;
				GCC_OPTIMIZATION_LEVEL = 0;
				GCC_PREPROCESSOR_DEFINITIONS = (
					"DEBUG=1",
					"$(inherited)",
				);
				GCC_SYMBOLS_PRIVATE_EXTERN = NO;
				GCC_WARN_64_TO_32_BIT_CONVERSION = YES;
				GCC_WARN_ABOUT_RETURN_TYPE = YES_ERROR;
				GCC_WARN_UNDECLARED_SELECTOR = YES;
				GCC_WARN_UNINITIALIZED_AUTOS = YES_AGGRESSIVE;
				GCC_WARN_UNUSED_FUNCTION = YES;
				GCC_WARN_UNUSED_VARIABLE = YES;
				IPHONEOS_DEPLOYMENT_TARGET = 8.4;
				MTL_ENABLE_DEBUG_INFO = YES;
				ONLY_ACTIVE_ARCH = YES;
				SDKROOT = iphoneos;
				TARGETED_DEVICE_FAMILY = "1,2";
			};
			name = Debug;
		};
		905F61061B919E8C00094E52 /* Release */ = {
			isa = XCBuildConfiguration;
			buildSettings = {
				ALWAYS_SEARCH_USER_PATHS = NO;
				CLANG_CXX_LANGUAGE_STANDARD = "gnu++0x";
				CLANG_CXX_LIBRARY = "libc++";
				CLANG_ENABLE_MODULES = YES;
				CLANG_ENABLE_OBJC_ARC = YES;
				CLANG_WARN_BOOL_CONVERSION = YES;
				CLANG_WARN_CONSTANT_CONVERSION = YES;
				CLANG_WARN_DIRECT_OBJC_ISA_USAGE = YES_ERROR;
				CLANG_WARN_EMPTY_BODY = YES;
				CLANG_WARN_ENUM_CONVERSION = YES;
				CLANG_WARN_INT_CONVERSION = YES;
				CLANG_WARN_OBJC_ROOT_CLASS = YES_ERROR;
				CLANG_WARN_UNREACHABLE_CODE = YES;
				CLANG_WARN__DUPLICATE_METHOD_MATCH = YES;
				"CODE_SIGN_IDENTITY[sdk=iphoneos*]" = "iPhone Developer";
				COPY_PHASE_STRIP = NO;
				DEBUG_INFORMATION_FORMAT = "dwarf-with-dsym";
				ENABLE_NS_ASSERTIONS = NO;
				ENABLE_STRICT_OBJC_MSGSEND = YES;
				GCC_C_LANGUAGE_STANDARD = gnu99;
				GCC_NO_COMMON_BLOCKS = YES;
				GCC_WARN_64_TO_32_BIT_CONVERSION = YES;
				GCC_WARN_ABOUT_RETURN_TYPE = YES_ERROR;
				GCC_WARN_UNDECLARED_SELECTOR = YES;
				GCC_WARN_UNINITIALIZED_AUTOS = YES_AGGRESSIVE;
				GCC_WARN_UNUSED_FUNCTION = YES;
				GCC_WARN_UNUSED_VARIABLE = YES;
				IPHONEOS_DEPLOYMENT_TARGET = 8.4;
				MTL_ENABLE_DEBUG_INFO = NO;
				SDKROOT = iphoneos;
				TARGETED_DEVICE_FAMILY = "1,2";
				VALIDATE_PRODUCT = YES;
			};
			name = Release;
		};
		905F61081B919E8C00094E52 /* Debug */ = {
			isa = XCBuildConfiguration;
			buildSettings = {
				ASSETCATALOG_COMPILER_APPICON_NAME = AppIcon;
				FRAMEWORK_SEARCH_PATHS = (
					"$(inherited)",
					"$(PROJECT_DIR)",
				);
				GCC_PRECOMPILE_PREFIX_HEADER = YES;
				GCC_PREFIX_HEADER = "$(SRCROOT)/GrabCutIOSPrefix.pch";
				INFOPLIST_FILE = GrabCutIOS/Info.plist;
				IPHONEOS_DEPLOYMENT_TARGET = 7.0;
				LD_RUNPATH_SEARCH_PATHS = "$(inherited) @executable_path/Frameworks";
				PRODUCT_NAME = "$(TARGET_NAME)";
			};
			name = Debug;
		};
		905F61091B919E8C00094E52 /* Release */ = {
			isa = XCBuildConfiguration;
			buildSettings = {
				ASSETCATALOG_COMPILER_APPICON_NAME = AppIcon;
				FRAMEWORK_SEARCH_PATHS = (
					"$(inherited)",
					"$(PROJECT_DIR)",
				);
				GCC_PRECOMPILE_PREFIX_HEADER = YES;
				GCC_PREFIX_HEADER = "$(SRCROOT)/GrabCutIOSPrefix.pch";
				INFOPLIST_FILE = GrabCutIOS/Info.plist;
				IPHONEOS_DEPLOYMENT_TARGET = 7.0;
				LD_RUNPATH_SEARCH_PATHS = "$(inherited) @executable_path/Frameworks";
				PRODUCT_NAME = "$(TARGET_NAME)";
			};
			name = Release;
		};
		905F610B1B919E8C00094E52 /* Debug */ = {
			isa = XCBuildConfiguration;
			buildSettings = {
				BUNDLE_LOADER = "$(TEST_HOST)";
				FRAMEWORK_SEARCH_PATHS = (
					"$(SDKROOT)/Developer/Library/Frameworks",
					"$(inherited)",
				);
				GCC_PREPROCESSOR_DEFINITIONS = (
					"DEBUG=1",
					"$(inherited)",
				);
				INFOPLIST_FILE = GrabCutIOSTests/Info.plist;
				LD_RUNPATH_SEARCH_PATHS = "$(inherited) @executable_path/Frameworks @loader_path/Frameworks";
				PRODUCT_NAME = "$(TARGET_NAME)";
				TEST_HOST = "$(BUILT_PRODUCTS_DIR)/GrabCutIOS.app/GrabCutIOS";
			};
			name = Debug;
		};
		905F610C1B919E8C00094E52 /* Release */ = {
			isa = XCBuildConfiguration;
			buildSettings = {
				BUNDLE_LOADER = "$(TEST_HOST)";
				FRAMEWORK_SEARCH_PATHS = (
					"$(SDKROOT)/Developer/Library/Frameworks",
					"$(inherited)",
				);
				INFOPLIST_FILE = GrabCutIOSTests/Info.plist;
				LD_RUNPATH_SEARCH_PATHS = "$(inherited) @executable_path/Frameworks @loader_path/Frameworks";
				PRODUCT_NAME = "$(TARGET_NAME)";
				TEST_HOST = "$(BUILT_PRODUCTS_DIR)/GrabCutIOS.app/GrabCutIOS";
			};
			name = Release;
		};
/* End XCBuildConfiguration section */

/* Begin XCConfigurationList section */
		905F60DF1B919E8C00094E52 /* Build configuration list for PBXProject "GrabCutIOS" */ = {
			isa = XCConfigurationList;
			buildConfigurations = (
				905F61051B919E8C00094E52 /* Debug */,
				905F61061B919E8C00094E52 /* Release */,
			);
			defaultConfigurationIsVisible = 0;
			defaultConfigurationName = Release;
		};
		905F61071B919E8C00094E52 /* Build configuration list for PBXNativeTarget "GrabCutIOS" */ = {
			isa = XCConfigurationList;
			buildConfigurations = (
				905F61081B919E8C00094E52 /* Debug */,
				905F61091B919E8C00094E52 /* Release */,
			);
			defaultConfigurationIsVisible = 0;
			defaultConfigurationName = Release;
		};
		905F610A1B919E8C00094E52 /* Build configuration list for PBXNativeTarget "GrabCutIOSTests" */ = {
			isa = XCConfigurationList;
			buildConfigurations = (
				905F610B1B919E8C00094E52 /* Debug */,
				905F610C1B919E8C00094E52 /* Release */,
			);
			defaultConfigurationIsVisible = 0;
			defaultConfigurationName = Release;
		};
/* End XCConfigurationList section */
	};
	rootObject = 905F60DC1B919E8C00094E52 /* Project object */;
}
